// !$*UTF8*$!
{
	archiveVersion = 1;
	classes = {
	};
	objectVersion = 46;
	objects = {

/* Begin PBXBuildFile section */
		5C8B04641B0683F40080F4FC /* Deck.m in Sources */ = {isa = PBXBuildFile; fileRef = 5C8B04631B0683F40080F4FC /* Deck.m */; };
		5C8B04671B0684080080F4FC /* PlayingCard.m in Sources */ = {isa = PBXBuildFile; fileRef = 5C8B04661B0684080080F4FC /* PlayingCard.m */; };
		5C8B046A1B0684160080F4FC /* PlayingCardDeck.m in Sources */ = {isa = PBXBuildFile; fileRef = 5C8B04691B0684160080F4FC /* PlayingCardDeck.m */; };
		8C504BF21B16B9EE00177DC3 /* CardMatchingGame.m in Sources */ = {isa = PBXBuildFile; fileRef = 8C504BF11B16B9EE00177DC3 /* CardMatchingGame.m */; };
		8C866FB31B0599BD00142EC3 /* main.m in Sources */ = {isa = PBXBuildFile; fileRef = 8C866FB21B0599BD00142EC3 /* main.m */; };
		8C866FB61B0599BD00142EC3 /* CardGameAppDelegate.m in Sources */ = {isa = PBXBuildFile; fileRef = 8C866FB51B0599BD00142EC3 /* CardGameAppDelegate.m */; };
		8C866FB91B0599BD00142EC3 /* CardGameViewController.m in Sources */ = {isa = PBXBuildFile; fileRef = 8C866FB81B0599BD00142EC3 /* CardGameViewController.m */; };
		8C866FBC1B0599BD00142EC3 /* Main.storyboard in Resources */ = {isa = PBXBuildFile; fileRef = 8C866FBA1B0599BD00142EC3 /* Main.storyboard */; };
		8C866FBE1B0599BD00142EC3 /* Images.xcassets in Resources */ = {isa = PBXBuildFile; fileRef = 8C866FBD1B0599BD00142EC3 /* Images.xcassets */; };
		8C866FC11B0599BE00142EC3 /* LaunchScreen.xib in Resources */ = {isa = PBXBuildFile; fileRef = 8C866FBF1B0599BE00142EC3 /* LaunchScreen.xib */; };
		8C866FCD1B0599BE00142EC3 /* matchismoTests.m in Sources */ = {isa = PBXBuildFile; fileRef = 8C866FCC1B0599BE00142EC3 /* matchismoTests.m */; };
		8C866FD81B05AEED00142EC3 /* Card.m in Sources */ = {isa = PBXBuildFile; fileRef = 8C866FD71B05AEED00142EC3 /* Card.m */; };
/* End PBXBuildFile section */

/* Begin PBXContainerItemProxy section */
		8C866FC71B0599BE00142EC3 /* PBXContainerItemProxy */ = {
			isa = PBXContainerItemProxy;
			containerPortal = 8C866FA51B0599BD00142EC3 /* Project object */;
			proxyType = 1;
			remoteGlobalIDString = 8C866FAC1B0599BD00142EC3;
			remoteInfo = matchismo;
		};
/* End PBXContainerItemProxy section */

/* Begin PBXFileReference section */
		5C8B04621B0683F40080F4FC /* Deck.h */ = {isa = PBXFileReference; fileEncoding = 4; lastKnownFileType = sourcecode.c.h; name = Deck.h; path = model/Deck.h; sourceTree = "<group>"; };
		5C8B04631B0683F40080F4FC /* Deck.m */ = {isa = PBXFileReference; fileEncoding = 4; lastKnownFileType = sourcecode.c.objc; name = Deck.m; path = model/Deck.m; sourceTree = "<group>"; };
		5C8B04651B0684080080F4FC /* PlayingCard.h */ = {isa = PBXFileReference; fileEncoding = 4; lastKnownFileType = sourcecode.c.h; path = PlayingCard.h; sourceTree = "<group>"; };
		5C8B04661B0684080080F4FC /* PlayingCard.m */ = {isa = PBXFileReference; fileEncoding = 4; lastKnownFileType = sourcecode.c.objc; path = PlayingCard.m; sourceTree = "<group>"; };
		5C8B04681B0684150080F4FC /* PlayingCardDeck.h */ = {isa = PBXFileReference; fileEncoding = 4; lastKnownFileType = sourcecode.c.h; path = PlayingCardDeck.h; sourceTree = "<group>"; };
		5C8B04691B0684160080F4FC /* PlayingCardDeck.m */ = {isa = PBXFileReference; fileEncoding = 4; lastKnownFileType = sourcecode.c.objc; path = PlayingCardDeck.m; sourceTree = "<group>"; };
		8C504BF01B16B9EE00177DC3 /* CardMatchingGame.h */ = {isa = PBXFileReference; fileEncoding = 4; lastKnownFileType = sourcecode.c.h; name = CardMatchingGame.h; path = model/CardMatchingGame.h; sourceTree = "<group>"; };
		8C504BF11B16B9EE00177DC3 /* CardMatchingGame.m */ = {isa = PBXFileReference; fileEncoding = 4; lastKnownFileType = sourcecode.c.objc; name = CardMatchingGame.m; path = model/CardMatchingGame.m; sourceTree = "<group>"; };
		8C866FAD1B0599BD00142EC3 /* matchismo.app */ = {isa = PBXFileReference; explicitFileType = wrapper.application; includeInIndex = 0; path = matchismo.app; sourceTree = BUILT_PRODUCTS_DIR; };
		8C866FB11B0599BD00142EC3 /* Info.plist */ = {isa = PBXFileReference; lastKnownFileType = text.plist.xml; path = Info.plist; sourceTree = "<group>"; };
		8C866FB21B0599BD00142EC3 /* main.m */ = {isa = PBXFileReference; lastKnownFileType = sourcecode.c.objc; path = main.m; sourceTree = "<group>"; };
		8C866FB41B0599BD00142EC3 /* CardGameAppDelegate.h */ = {isa = PBXFileReference; lastKnownFileType = sourcecode.c.h; path = CardGameAppDelegate.h; sourceTree = "<group>"; };
		8C866FB51B0599BD00142EC3 /* CardGameAppDelegate.m */ = {isa = PBXFileReference; lastKnownFileType = sourcecode.c.objc; path = CardGameAppDelegate.m; sourceTree = "<group>"; };
		8C866FB71B0599BD00142EC3 /* CardGameViewController.h */ = {isa = PBXFileReference; lastKnownFileType = sourcecode.c.h; path = CardGameViewController.h; sourceTree = "<group>"; };
		8C866FB81B0599BD00142EC3 /* CardGameViewController.m */ = {isa = PBXFileReference; lastKnownFileType = sourcecode.c.objc; path = CardGameViewController.m; sourceTree = "<group>"; };
		8C866FBB1B0599BD00142EC3 /* Base */ = {isa = PBXFileReference; lastKnownFileType = file.storyboard; name = Base; path = Base.lproj/Main.storyboard; sourceTree = "<group>"; };
		8C866FBD1B0599BD00142EC3 /* Images.xcassets */ = {isa = PBXFileReference; lastKnownFileType = folder.assetcatalog; path = Images.xcassets; sourceTree = "<group>"; };
		8C866FC01B0599BE00142EC3 /* Base */ = {isa = PBXFileReference; lastKnownFileType = file.xib; name = Base; path = Base.lproj/LaunchScreen.xib; sourceTree = "<group>"; };
		8C866FC61B0599BE00142EC3 /* matchismoTests.xctest */ = {isa = PBXFileReference; explicitFileType = wrapper.cfbundle; includeInIndex = 0; path = matchismoTests.xctest; sourceTree = BUILT_PRODUCTS_DIR; };
		8C866FCB1B0599BE00142EC3 /* Info.plist */ = {isa = PBXFileReference; lastKnownFileType = text.plist.xml; path = Info.plist; sourceTree = "<group>"; };
		8C866FCC1B0599BE00142EC3 /* matchismoTests.m */ = {isa = PBXFileReference; lastKnownFileType = sourcecode.c.objc; path = matchismoTests.m; sourceTree = "<group>"; };
		8C866FD61B05AEED00142EC3 /* Card.h */ = {isa = PBXFileReference; fileEncoding = 4; lastKnownFileType = sourcecode.c.h; name = Card.h; path = model/Card.h; sourceTree = "<group>"; };
		8C866FD71B05AEED00142EC3 /* Card.m */ = {isa = PBXFileReference; fileEncoding = 4; lastKnownFileType = sourcecode.c.objc; name = Card.m; path = model/Card.m; sourceTree = "<group>"; };
/* End PBXFileReference section */

/* Begin PBXFrameworksBuildPhase section */
		8C866FAA1B0599BD00142EC3 /* Frameworks */ = {
			isa = PBXFrameworksBuildPhase;
			buildActionMask = 2147483647;
			files = (
			);
			runOnlyForDeploymentPostprocessing = 0;
		};
		8C866FC31B0599BE00142EC3 /* Frameworks */ = {
			isa = PBXFrameworksBuildPhase;
			buildActionMask = 2147483647;
			files = (
			);
			runOnlyForDeploymentPostprocessing = 0;
		};
/* End PBXFrameworksBuildPhase section */

/* Begin PBXGroup section */
		8C866FA41B0599BD00142EC3 = {
			isa = PBXGroup;
			children = (
				8C866FAF1B0599BD00142EC3 /* matchismo */,
				8C866FC91B0599BE00142EC3 /* matchismoTests */,
				8C866FAE1B0599BD00142EC3 /* Products */,
			);
			sourceTree = "<group>";
		};
		8C866FAE1B0599BD00142EC3 /* Products */ = {
			isa = PBXGroup;
			children = (
				8C866FAD1B0599BD00142EC3 /* matchismo.app */,
				8C866FC61B0599BE00142EC3 /* matchismoTests.xctest */,
			);
			name = Products;
			sourceTree = "<group>";
		};
		8C866FAF1B0599BD00142EC3 /* matchismo */ = {
			isa = PBXGroup;
			children = (
				8C866FB71B0599BD00142EC3 /* CardGameViewController.h */,
				8C866FB81B0599BD00142EC3 /* CardGameViewController.m */,
				8C866FBA1B0599BD00142EC3 /* Main.storyboard */,
				8C866FD91B05AF1B00142EC3 /* model */,
				8C866FBD1B0599BD00142EC3 /* Images.xcassets */,
				8C866FBF1B0599BE00142EC3 /* LaunchScreen.xib */,
				8C866FB01B0599BD00142EC3 /* Supporting Files */,
			);
			path = matchismo;
			sourceTree = "<group>";
		};
		8C866FB01B0599BD00142EC3 /* Supporting Files */ = {
			isa = PBXGroup;
			children = (
				8C866FB41B0599BD00142EC3 /* CardGameAppDelegate.h */,
				8C866FB51B0599BD00142EC3 /* CardGameAppDelegate.m */,
				8C866FB11B0599BD00142EC3 /* Info.plist */,
				8C866FB21B0599BD00142EC3 /* main.m */,
			);
			name = "Supporting Files";
			sourceTree = "<group>";
		};
		8C866FC91B0599BE00142EC3 /* matchismoTests */ = {
			isa = PBXGroup;
			children = (
				8C866FCC1B0599BE00142EC3 /* matchismoTests.m */,
				8C866FCA1B0599BE00142EC3 /* Supporting Files */,
			);
			path = matchismoTests;
			sourceTree = "<group>";
		};
		8C866FCA1B0599BE00142EC3 /* Supporting Files */ = {
			isa = PBXGroup;
			children = (
				8C866FCB1B0599BE00142EC3 /* Info.plist */,
			);
			name = "Supporting Files";
			sourceTree = "<group>";
		};
		8C866FD91B05AF1B00142EC3 /* model */ = {
			isa = PBXGroup;
			children = (
				8C504BF01B16B9EE00177DC3 /* CardMatchingGame.h */,
				8C504BF11B16B9EE00177DC3 /* CardMatchingGame.m */,
				8C866FD61B05AEED00142EC3 /* Card.h */,
				8C866FD71B05AEED00142EC3 /* Card.m */,
				5C8B04621B0683F40080F4FC /* Deck.h */,
				5C8B04631B0683F40080F4FC /* Deck.m */,
				5C8B04651B0684080080F4FC /* PlayingCard.h */,
				5C8B04661B0684080080F4FC /* PlayingCard.m */,
				5C8B04681B0684150080F4FC /* PlayingCardDeck.h */,
				5C8B04691B0684160080F4FC /* PlayingCardDeck.m */,
			);
			name = model;
			sourceTree = "<group>";
		};
/* End PBXGroup section */

/* Begin PBXNativeTarget section */
		8C866FAC1B0599BD00142EC3 /* matchismo */ = {
			isa = PBXNativeTarget;
			buildConfigurationList = 8C866FD01B0599BE00142EC3 /* Build configuration list for PBXNativeTarget "matchismo" */;
			buildPhases = (
				8C866FA91B0599BD00142EC3 /* Sources */,
				8C866FAA1B0599BD00142EC3 /* Frameworks */,
				8C866FAB1B0599BD00142EC3 /* Resources */,
			);
			buildRules = (
			);
			dependencies = (
			);
			name = matchismo;
			productName = matchismo;
			productReference = 8C866FAD1B0599BD00142EC3 /* matchismo.app */;
			productType = "com.apple.product-type.application";
		};
		8C866FC51B0599BE00142EC3 /* matchismoTests */ = {
			isa = PBXNativeTarget;
			buildConfigurationList = 8C866FD31B0599BE00142EC3 /* Build configuration list for PBXNativeTarget "matchismoTests" */;
			buildPhases = (
				8C866FC21B0599BE00142EC3 /* Sources */,
				8C866FC31B0599BE00142EC3 /* Frameworks */,
				8C866FC41B0599BE00142EC3 /* Resources */,
			);
			buildRules = (
			);
			dependencies = (
				8C866FC81B0599BE00142EC3 /* PBXTargetDependency */,
			);
			name = matchismoTests;
			productName = matchismoTests;
			productReference = 8C866FC61B0599BE00142EC3 /* matchismoTests.xctest */;
			productType = "com.apple.product-type.bundle.unit-test";
		};
/* End PBXNativeTarget section */

/* Begin PBXProject section */
		8C866FA51B0599BD00142EC3 /* Project object */ = {
			isa = PBXProject;
			attributes = {
				LastUpgradeCheck = 0630;
				ORGANIZATIONNAME = "Marco de Masi";
				TargetAttributes = {
					8C866FAC1B0599BD00142EC3 = {
						CreatedOnToolsVersion = 6.3.1;
					};
					8C866FC51B0599BE00142EC3 = {
						CreatedOnToolsVersion = 6.3.1;
						TestTargetID = 8C866FAC1B0599BD00142EC3;
					};
				};
			};
			buildConfigurationList = 8C866FA81B0599BD00142EC3 /* Build configuration list for PBXProject "matchismo" */;
			compatibilityVersion = "Xcode 3.2";
			developmentRegion = English;
			hasScannedForEncodings = 0;
			knownRegions = (
				en,
				Base,
			);
			mainGroup = 8C866FA41B0599BD00142EC3;
			productRefGroup = 8C866FAE1B0599BD00142EC3 /* Products */;
			projectDirPath = "";
			projectRoot = "";
			targets = (
				8C866FAC1B0599BD00142EC3 /* matchismo */,
				8C866FC51B0599BE00142EC3 /* matchismoTests */,
			);
		};
/* End PBXProject section */

/* Begin PBXResourcesBuildPhase section */
		8C866FAB1B0599BD00142EC3 /* Resources */ = {
			isa = PBXResourcesBuildPhase;
			buildActionMask = 2147483647;
			files = (
				8C866FBC1B0599BD00142EC3 /* Main.storyboard in Resources */,
				8C866FC11B0599BE00142EC3 /* LaunchScreen.xib in Resources */,
				8C866FBE1B0599BD00142EC3 /* Images.xcassets in Resources */,
			);
			runOnlyForDeploymentPostprocessing = 0;
		};
		8C866FC41B0599BE00142EC3 /* Resources */ = {
			isa = PBXResourcesBuildPhase;
			buildActionMask = 2147483647;
			files = (
			);
			runOnlyForDeploymentPostprocessing = 0;
		};
/* End PBXResourcesBuildPhase section */

/* Begin PBXSourcesBuildPhase section */
		8C866FA91B0599BD00142EC3 /* Sources */ = {
			isa = PBXSourcesBuildPhase;
			buildActionMask = 2147483647;
			files = (
				5C8B04671B0684080080F4FC /* PlayingCard.m in Sources */,
				5C8B04641B0683F40080F4FC /* Deck.m in Sources */,
				8C866FB91B0599BD00142EC3 /* CardGameViewController.m in Sources */,
				8C866FB61B0599BD00142EC3 /* CardGameAppDelegate.m in Sources */,
				8C504BF21B16B9EE00177DC3 /* CardMatchingGame.m in Sources */,
				8C866FB31B0599BD00142EC3 /* main.m in Sources */,
				8C866FD81B05AEED00142EC3 /* Card.m in Sources */,
				5C8B046A1B0684160080F4FC /* PlayingCardDeck.m in Sources */,
			);
			runOnlyForDeploymentPostprocessing = 0;
		};
		8C866FC21B0599BE00142EC3 /* Sources */ = {
			isa = PBXSourcesBuildPhase;
			buildActionMask = 2147483647;
			files = (
				8C866FCD1B0599BE00142EC3 /* matchismoTests.m in Sources */,
			);
			runOnlyForDeploymentPostprocessing = 0;
		};
/* End PBXSourcesBuildPhase section */

/* Begin PBXTargetDependency section */
		8C866FC81B0599BE00142EC3 /* PBXTargetDependency */ = {
			isa = PBXTargetDependency;
			target = 8C866FAC1B0599BD00142EC3 /* matchismo */;
			targetProxy = 8C866FC71B0599BE00142EC3 /* PBXContainerItemProxy */;
		};
/* End PBXTargetDependency section */

/* Begin PBXVariantGroup section */
		8C866FBA1B0599BD00142EC3 /* Main.storyboard */ = {
			isa = PBXVariantGroup;
			children = (
				8C866FBB1B0599BD00142EC3 /* Base */,
			);
			name = Main.storyboard;
			sourceTree = "<group>";
		};
		8C866FBF1B0599BE00142EC3 /* LaunchScreen.xib */ = {
			isa = PBXVariantGroup;
			children = (
				8C866FC01B0599BE00142EC3 /* Base */,
			);
			name = LaunchScreen.xib;
			sourceTree = "<group>";
		};
/* End PBXVariantGroup section */

/* Begin XCBuildConfiguration section */
		8C866FCE1B0599BE00142EC3 /* Debug */ = {
			isa = XCBuildConfiguration;
			buildSettings = {
				ALWAYS_SEARCH_USER_PATHS = NO;
				CLANG_CXX_LANGUAGE_STANDARD = "gnu++0x";
				CLANG_CXX_LIBRARY = "libc++";
				CLANG_ENABLE_MODULES = YES;
				CLANG_ENABLE_OBJC_ARC = YES;
				CLANG_WARN_BOOL_CONVERSION = YES;
				CLANG_WARN_CONSTANT_CONVERSION = YES;
				CLANG_WARN_DIRECT_OBJC_ISA_USAGE = YES_ERROR;
				CLANG_WARN_EMPTY_BODY = YES;
				CLANG_WARN_ENUM_CONVERSION = YES;
				CLANG_WARN_INT_CONVERSION = YES;
				CLANG_WARN_OBJC_ROOT_CLASS = YES_ERROR;
				CLANG_WARN_UNREACHABLE_CODE = YES;
				CLANG_WARN__DUPLICATE_METHOD_MATCH = YES;
				"CODE_SIGN_IDENTITY[sdk=iphoneos*]" = "iPhone Developer";
				COPY_PHASE_STRIP = NO;
				DEBUG_INFORMATION_FORMAT = "dwarf-with-dsym";
				ENABLE_STRICT_OBJC_MSGSEND = YES;
				GCC_C_LANGUAGE_STANDARD = gnu99;
				GCC_DYNAMIC_NO_PIC = NO;
				GCC_NO_COMMON_BLOCKS = YES;
				GCC_OPTIMIZATION_LEVEL = 0;
				GCC_PREPROCESSOR_DEFINITIONS = (
					"DEBUG=1",
					"$(inherited)",
				);
				GCC_SYMBOLS_PRIVATE_EXTERN = NO;
				GCC_WARN_64_TO_32_BIT_CONVERSION = YES;
				GCC_WARN_ABOUT_RETURN_TYPE = YES_ERROR;
				GCC_WARN_UNDECLARED_SELECTOR = YES;
				GCC_WARN_UNINITIALIZED_AUTOS = YES_AGGRESSIVE;
				GCC_WARN_UNUSED_FUNCTION = YES;
				GCC_WARN_UNUSED_VARIABLE = YES;
				IPHONEOS_DEPLOYMENT_TARGET = 8.3;
				MTL_ENABLE_DEBUG_INFO = YES;
				ONLY_ACTIVE_ARCH = YES;
				SDKROOT = iphoneos;
			};
			name = Debug;
		};
		8C866FCF1B0599BE00142EC3 /* Release */ = {
			isa = XCBuildConfiguration;
			buildSettings = {
				ALWAYS_SEARCH_USER_PATHS = NO;
				CLANG_CXX_LANGUAGE_STANDARD = "gnu++0x";
				CLANG_CXX_LIBRARY = "libc++";
				CLANG_ENABLE_MODULES = YES;
				CLANG_ENABLE_OBJC_ARC = YES;
				CLANG_WARN_BOOL_CONVERSION = YES;
				CLANG_WARN_CONSTANT_CONVERSION = YES;
				CLANG_WARN_DIRECT_OBJC_ISA_USAGE = YES_ERROR;
				CLANG_WARN_EMPTY_BODY = YES;
				CLANG_WARN_ENUM_CONVERSION = YES;
				CLANG_WARN_INT_CONVERSION = YES;
				CLANG_WARN_OBJC_ROOT_CLASS = YES_ERROR;
				CLANG_WARN_UNREACHABLE_CODE = YES;
				CLANG_WARN__DUPLICATE_METHOD_MATCH = YES;
				"CODE_SIGN_IDENTITY[sdk=iphoneos*]" = "iPhone Developer";
				COPY_PHASE_STRIP = NO;
				DEBUG_INFORMATION_FORMAT = "dwarf-with-dsym";
				ENABLE_NS_ASSERTIONS = NO;
				ENABLE_STRICT_OBJC_MSGSEND = YES;
				GCC_C_LANGUAGE_STANDARD = gnu99;
				GCC_NO_COMMON_BLOCKS = YES;
				GCC_WARN_64_TO_32_BIT_CONVERSION = YES;
				GCC_WARN_ABOUT_RETURN_TYPE = YES_ERROR;
				GCC_WARN_UNDECLARED_SELECTOR = YES;
				GCC_WARN_UNINITIALIZED_AUTOS = YES_AGGRESSIVE;
				GCC_WARN_UNUSED_FUNCTION = YES;
				GCC_WARN_UNUSED_VARIABLE = YES;
				IPHONEOS_DEPLOYMENT_TARGET = 8.3;
				MTL_ENABLE_DEBUG_INFO = NO;
				SDKROOT = iphoneos;
				VALIDATE_PRODUCT = YES;
			};
			name = Release;
		};
		8C866FD11B0599BE00142EC3 /* Debug */ = {
			isa = XCBuildConfiguration;
			buildSettings = {
				ASSETCATALOG_COMPILER_APPICON_NAME = AppIcon;
				INFOPLIST_FILE = matchismo/Info.plist;
				LD_RUNPATH_SEARCH_PATHS = "$(inherited) @executable_path/Frameworks";
				PRODUCT_NAME = "$(TARGET_NAME)";
			};
			name = Debug;
		};
		8C866FD21B0599BE00142EC3 /* Release */ = {
			isa = XCBuildConfiguration;
			buildSettings = {
				ASSETCATALOG_COMPILER_APPICON_NAME = AppIcon;
				INFOPLIST_FILE = matchismo/Info.plist;
				LD_RUNPATH_SEARCH_PATHS = "$(inherited) @executable_path/Frameworks";
				PRODUCT_NAME = "$(TARGET_NAME)";
			};
			name = Release;
		};
		8C866FD41B0599BE00142EC3 /* Debug */ = {
			isa = XCBuildConfiguration;
			buildSettings = {
				BUNDLE_LOADER = "$(TEST_HOST)";
				FRAMEWORK_SEARCH_PATHS = (
					"$(SDKROOT)/Developer/Library/Frameworks",
					"$(inherited)",
				);
				GCC_PREPROCESSOR_DEFINITIONS = (
					"DEBUG=1",
					"$(inherited)",
				);
				INFOPLIST_FILE = matchismoTests/Info.plist;
				LD_RUNPATH_SEARCH_PATHS = "$(inherited) @executable_path/Frameworks @loader_path/Frameworks";
				PRODUCT_NAME = "$(TARGET_NAME)";
				TEST_HOST = "$(BUILT_PRODUCTS_DIR)/matchismo.app/matchismo";
			};
			name = Debug;
		};
		8C866FD51B0599BE00142EC3 /* Release */ = {
			isa = XCBuildConfiguration;
			buildSettings = {
				BUNDLE_LOADER = "$(TEST_HOST)";
				FRAMEWORK_SEARCH_PATHS = (
					"$(SDKROOT)/Developer/Library/Frameworks",
					"$(inherited)",
				);
				INFOPLIST_FILE = matchismoTests/Info.plist;
				LD_RUNPATH_SEARCH_PATHS = "$(inherited) @executable_path/Frameworks @loader_path/Frameworks";
				PRODUCT_NAME = "$(TARGET_NAME)";
				TEST_HOST = "$(BUILT_PRODUCTS_DIR)/matchismo.app/matchismo";
			};
			name = Release;
		};
/* End XCBuildConfiguration section */

/* Begin XCConfigurationList section */
		8C866FA81B0599BD00142EC3 /* Build configuration list for PBXProject "matchismo" */ = {
			isa = XCConfigurationList;
			buildConfigurations = (
				8C866FCE1B0599BE00142EC3 /* Debug */,
				8C866FCF1B0599BE00142EC3 /* Release */,
			);
			defaultConfigurationIsVisible = 0;
			defaultConfigurationName = Release;
		};
		8C866FD01B0599BE00142EC3 /* Build configuration list for PBXNativeTarget "matchismo" */ = {
			isa = XCConfigurationList;
			buildConfigurations = (
				8C866FD11B0599BE00142EC3 /* Debug */,
				8C866FD21B0599BE00142EC3 /* Release */,
			);
			defaultConfigurationIsVisible = 0;
			defaultConfigurationName = Release;
		};
		8C866FD31B0599BE00142EC3 /* Build configuration list for PBXNativeTarget "matchismoTests" */ = {
			isa = XCConfigurationList;
			buildConfigurations = (
				8C866FD41B0599BE00142EC3 /* Debug */,
				8C866FD51B0599BE00142EC3 /* Release */,
			);
			defaultConfigurationIsVisible = 0;
			defaultConfigurationName = Release;
		};
/* End XCConfigurationList section */
	};
	rootObject = 8C866FA51B0599BD00142EC3 /* Project object */;
}
